
Microsoft Visual Studio Solution File, Format Version 12.00
# Visual Studio Version 16
VisualStudioVersion = 16.0.30621.155
MinimumVisualStudioVersion = 10.0.40219.1
Project("{FAE04EC0-301F-11D3-BF4B-00C04F79EFBC}") = "ComboBox", "ComboBox\ComboBox.csproj", "{10DF29C6-24AC-4970-8721-BC6C8FD28B5A}"
EndProject
Global
	GlobalSection(SolutionConfigurationPlatforms) = preSolution
		Debug|Any CPU = Debug|Any CPU
		Release|Any CPU = Release|Any CPU
	EndGlobalSection
	GlobalSection(ProjectConfigurationPlatforms) = postSolution
		{10DF29C6-24AC-4970-8721-BC6C8FD28B5A}.Debug|Any CPU.ActiveCfg = Debug|Any CPU
		{10DF29C6-24AC-4970-8721-BC6C8FD28B5A}.Debug|Any CPU.Build.0 = Debug|Any CPU
		{10DF29C6-24AC-4970-8721-BC6C8FD28B5A}.Release|Any CPU.ActiveCfg = Release|Any CPU
		{10DF29C6-24AC-4970-8721-BC6C8FD28B5A}.Release|Any CPU.Build.0 = Release|Any CPU
	EndGlobalSection
	GlobalSection(SolutionProperties) = preSolution
		HideSolutionNode = FALSE
	EndGlobalSection
	GlobalSection(ExtensibilityGlobals) = postSolution
		SolutionGuid = {04922C2D-DAF6-4AB0-910F-D9791D9054A5}
	EndGlobalSection
EndGlobal
