
Microsoft Visual Studio Solution File, Format Version 12.00
# Visual Studio Version 16
VisualStudioVersion = 16.0.30621.155
MinimumVisualStudioVersion = 10.0.40219.1
Project("{FAE04EC0-301F-11D3-BF4B-00C04F79EFBC}") = "Ex5_JogoDosNumeros", "Ex5_JogoDosNumeros\Ex5_JogoDosNumeros.csproj", "{322B077A-FA12-48F9-8B5A-D97E3E4E036B}"
EndProject
Global
	GlobalSection(SolutionConfigurationPlatforms) = preSolution
		Debug|Any CPU = Debug|Any CPU
		Release|Any CPU = Release|Any CPU
	EndGlobalSection
	GlobalSection(ProjectConfigurationPlatforms) = postSolution
		{322B077A-FA12-48F9-8B5A-D97E3E4E036B}.Debug|Any CPU.ActiveCfg = Debug|Any CPU
		{322B077A-FA12-48F9-8B5A-D97E3E4E036B}.Debug|Any CPU.Build.0 = Debug|Any CPU
		{322B077A-FA12-48F9-8B5A-D97E3E4E036B}.Release|Any CPU.ActiveCfg = Release|Any CPU
		{322B077A-FA12-48F9-8B5A-D97E3E4E036B}.Release|Any CPU.Build.0 = Release|Any CPU
	EndGlobalSection
	GlobalSection(SolutionProperties) = preSolution
		HideSolutionNode = FALSE
	EndGlobalSection
	GlobalSection(ExtensibilityGlobals) = postSolution
		SolutionGuid = {A2B81EE2-E43D-49A9-BFDB-E647E6A08036}
	EndGlobalSection
EndGlobal
