
Microsoft Visual Studio Solution File, Format Version 12.00
# Visual Studio Version 16
VisualStudioVersion = 16.0.30621.155
MinimumVisualStudioVersion = 10.0.40219.1
Project("{FAE04EC0-301F-11D3-BF4B-00C04F79EFBC}") = "Tabuada", "Tabuada\Tabuada.csproj", "{FFDE03A1-ED96-47C6-88A2-71D7781262FB}"
EndProject
Global
	GlobalSection(SolutionConfigurationPlatforms) = preSolution
		Debug|Any CPU = Debug|Any CPU
		Release|Any CPU = Release|Any CPU
	EndGlobalSection
	GlobalSection(ProjectConfigurationPlatforms) = postSolution
		{FFDE03A1-ED96-47C6-88A2-71D7781262FB}.Debug|Any CPU.ActiveCfg = Debug|Any CPU
		{FFDE03A1-ED96-47C6-88A2-71D7781262FB}.Debug|Any CPU.Build.0 = Debug|Any CPU
		{FFDE03A1-ED96-47C6-88A2-71D7781262FB}.Release|Any CPU.ActiveCfg = Release|Any CPU
		{FFDE03A1-ED96-47C6-88A2-71D7781262FB}.Release|Any CPU.Build.0 = Release|Any CPU
	EndGlobalSection
	GlobalSection(SolutionProperties) = preSolution
		HideSolutionNode = FALSE
	EndGlobalSection
	GlobalSection(ExtensibilityGlobals) = postSolution
		SolutionGuid = {CDE557DE-2580-4308-9D0F-4DDC5E6ED686}
	EndGlobalSection
EndGlobal
