
Microsoft Visual Studio Solution File, Format Version 12.00
# Visual Studio Version 16
VisualStudioVersion = 16.0.30621.155
MinimumVisualStudioVersion = 10.0.40219.1
Project("{FAE04EC0-301F-11D3-BF4B-00C04F79EFBC}") = "Datagrid2", "Datagrid2\Datagrid2.csproj", "{93D907F3-2BED-44A1-A817-C903E246E7CF}"
EndProject
Global
	GlobalSection(SolutionConfigurationPlatforms) = preSolution
		Debug|Any CPU = Debug|Any CPU
		Release|Any CPU = Release|Any CPU
	EndGlobalSection
	GlobalSection(ProjectConfigurationPlatforms) = postSolution
		{93D907F3-2BED-44A1-A817-C903E246E7CF}.Debug|Any CPU.ActiveCfg = Debug|Any CPU
		{93D907F3-2BED-44A1-A817-C903E246E7CF}.Debug|Any CPU.Build.0 = Debug|Any CPU
		{93D907F3-2BED-44A1-A817-C903E246E7CF}.Release|Any CPU.ActiveCfg = Release|Any CPU
		{93D907F3-2BED-44A1-A817-C903E246E7CF}.Release|Any CPU.Build.0 = Release|Any CPU
	EndGlobalSection
	GlobalSection(SolutionProperties) = preSolution
		HideSolutionNode = FALSE
	EndGlobalSection
	GlobalSection(ExtensibilityGlobals) = postSolution
		SolutionGuid = {1E1D2158-3E38-47C6-94AF-96C786722B18}
	EndGlobalSection
EndGlobal
